
Microsoft Visual Studio Solution File, Format Version 10.00
# Visual Studio 2008
Project("{FAE04EC0-301F-11D3-BF4B-00C04F79EFBC}") = "encuestaTron", "encuestaTron.csproj", "{20C82F2F-9F2E-42A8-A6B1-BF01EEE3EA35}"
EndProject
Project("{FAE04EC0-301F-11D3-BF4B-00C04F79EFBC}") = "etWeb", "..\etWeb\etWeb.csproj", "{082E3331-6905-4FE0-8759-B1CE5C6D7B78}"
EndProject
Project("{FAE04EC0-301F-11D3-BF4B-00C04F79EFBC}") = "etWeb.Tests", "..\etWeb.Tests\etWeb.Tests.csproj", "{3EB4144A-2AD5-4085-880A-E1077B3AC9A4}"
EndProject
Project("{FAE04EC0-301F-11D3-BF4B-00C04F79EFBC}") = "System.Web.Mvc", "..\MVC\src\SystemWebMvc\System.Web.Mvc.csproj", "{3D3FFD8A-624D-4E9B-954B-E1C105507975}"
EndProject
Project("{FAE04EC0-301F-11D3-BF4B-00C04F79EFBC}") = "DataTypesObjects", "..\DataTypesObjects\DataTypesObjects.csproj", "{087B3A5D-A388-4380-AD0A-9F9EF316241D}"
EndProject
Project("{FAE04EC0-301F-11D3-BF4B-00C04F79EFBC}") = "etWebService", "..\etWebService\etWebService.csproj", "{7AADAC61-A549-4C71-B3C1-C7AAD274E83B}"
EndProject
Project("{FAE04EC0-301F-11D3-BF4B-00C04F79EFBC}") = "etLogs", "..\etLogs\etLogs.csproj", "{6AEB98A3-C94E-4132-B279-2D042682B0C7}"
EndProject
Project("{FAE04EC0-301F-11D3-BF4B-00C04F79EFBC}") = "miSitio.Com", "..\miSitio.Com\miSitio.Com.csproj", "{0483B126-E1C2-4E3F-804C-24B5C9FE62D8}"
EndProject
Global
	GlobalSection(SolutionConfigurationPlatforms) = preSolution
		Debug|Any CPU = Debug|Any CPU
		Release|Any CPU = Release|Any CPU
	EndGlobalSection
	GlobalSection(ProjectConfigurationPlatforms) = postSolution
		{20C82F2F-9F2E-42A8-A6B1-BF01EEE3EA35}.Debug|Any CPU.ActiveCfg = Debug|Any CPU
		{20C82F2F-9F2E-42A8-A6B1-BF01EEE3EA35}.Debug|Any CPU.Build.0 = Debug|Any CPU
		{20C82F2F-9F2E-42A8-A6B1-BF01EEE3EA35}.Release|Any CPU.ActiveCfg = Release|Any CPU
		{20C82F2F-9F2E-42A8-A6B1-BF01EEE3EA35}.Release|Any CPU.Build.0 = Release|Any CPU
		{082E3331-6905-4FE0-8759-B1CE5C6D7B78}.Debug|Any CPU.ActiveCfg = Debug|Any CPU
		{082E3331-6905-4FE0-8759-B1CE5C6D7B78}.Debug|Any CPU.Build.0 = Debug|Any CPU
		{082E3331-6905-4FE0-8759-B1CE5C6D7B78}.Release|Any CPU.ActiveCfg = Release|Any CPU
		{082E3331-6905-4FE0-8759-B1CE5C6D7B78}.Release|Any CPU.Build.0 = Release|Any CPU
		{3EB4144A-2AD5-4085-880A-E1077B3AC9A4}.Debug|Any CPU.ActiveCfg = Debug|Any CPU
		{3EB4144A-2AD5-4085-880A-E1077B3AC9A4}.Debug|Any CPU.Build.0 = Debug|Any CPU
		{3EB4144A-2AD5-4085-880A-E1077B3AC9A4}.Release|Any CPU.ActiveCfg = Release|Any CPU
		{3EB4144A-2AD5-4085-880A-E1077B3AC9A4}.Release|Any CPU.Build.0 = Release|Any CPU
		{3D3FFD8A-624D-4E9B-954B-E1C105507975}.Debug|Any CPU.ActiveCfg = Debug|Any CPU
		{3D3FFD8A-624D-4E9B-954B-E1C105507975}.Debug|Any CPU.Build.0 = Debug|Any CPU
		{3D3FFD8A-624D-4E9B-954B-E1C105507975}.Release|Any CPU.ActiveCfg = Release|Any CPU
		{3D3FFD8A-624D-4E9B-954B-E1C105507975}.Release|Any CPU.Build.0 = Release|Any CPU
		{087B3A5D-A388-4380-AD0A-9F9EF316241D}.Debug|Any CPU.ActiveCfg = Debug|Any CPU
		{087B3A5D-A388-4380-AD0A-9F9EF316241D}.Debug|Any CPU.Build.0 = Debug|Any CPU
		{087B3A5D-A388-4380-AD0A-9F9EF316241D}.Release|Any CPU.ActiveCfg = Release|Any CPU
		{087B3A5D-A388-4380-AD0A-9F9EF316241D}.Release|Any CPU.Build.0 = Release|Any CPU
		{7AADAC61-A549-4C71-B3C1-C7AAD274E83B}.Debug|Any CPU.ActiveCfg = Debug|Any CPU
		{7AADAC61-A549-4C71-B3C1-C7AAD274E83B}.Debug|Any CPU.Build.0 = Debug|Any CPU
		{7AADAC61-A549-4C71-B3C1-C7AAD274E83B}.Release|Any CPU.ActiveCfg = Release|Any CPU
		{7AADAC61-A549-4C71-B3C1-C7AAD274E83B}.Release|Any CPU.Build.0 = Release|Any CPU
		{6AEB98A3-C94E-4132-B279-2D042682B0C7}.Debug|Any CPU.ActiveCfg = Debug|Any CPU
		{6AEB98A3-C94E-4132-B279-2D042682B0C7}.Debug|Any CPU.Build.0 = Debug|Any CPU
		{6AEB98A3-C94E-4132-B279-2D042682B0C7}.Release|Any CPU.ActiveCfg = Release|Any CPU
		{6AEB98A3-C94E-4132-B279-2D042682B0C7}.Release|Any CPU.Build.0 = Release|Any CPU
		{0483B126-E1C2-4E3F-804C-24B5C9FE62D8}.Debug|Any CPU.ActiveCfg = Debug|Any CPU
		{0483B126-E1C2-4E3F-804C-24B5C9FE62D8}.Debug|Any CPU.Build.0 = Debug|Any CPU
		{0483B126-E1C2-4E3F-804C-24B5C9FE62D8}.Release|Any CPU.ActiveCfg = Release|Any CPU
		{0483B126-E1C2-4E3F-804C-24B5C9FE62D8}.Release|Any CPU.Build.0 = Release|Any CPU
	EndGlobalSection
	GlobalSection(SolutionProperties) = preSolution
		HideSolutionNode = FALSE
	EndGlobalSection
EndGlobal
