
Microsoft Visual Studio Solution File, Format Version 10.00
# Visual Studio 2008
Project("{FAE04EC0-301F-11D3-BF4B-00C04F79EFBC}") = "wsLogs", "wsLogs\wsLogs.csproj", "{4742E177-C1F8-43DE-A813-E21A07971224}"
EndProject
Global
	GlobalSection(SolutionConfigurationPlatforms) = preSolution
		Debug|Any CPU = Debug|Any CPU
		Release|Any CPU = Release|Any CPU
	EndGlobalSection
	GlobalSection(ProjectConfigurationPlatforms) = postSolution
		{4742E177-C1F8-43DE-A813-E21A07971224}.Debug|Any CPU.ActiveCfg = Debug|Any CPU
		{4742E177-C1F8-43DE-A813-E21A07971224}.Debug|Any CPU.Build.0 = Debug|Any CPU
		{4742E177-C1F8-43DE-A813-E21A07971224}.Release|Any CPU.ActiveCfg = Release|Any CPU
		{4742E177-C1F8-43DE-A813-E21A07971224}.Release|Any CPU.Build.0 = Release|Any CPU
	EndGlobalSection
	GlobalSection(SolutionProperties) = preSolution
		HideSolutionNode = FALSE
	EndGlobalSection
EndGlobal
