
Microsoft Visual Studio Solution File, Format Version 10.00
# Visual Studio 2008
Project("{FAE04EC0-301F-11D3-BF4B-00C04F79EFBC}") = "etBackend", "etBackend\etBackend.csproj", "{7C9B2C4B-D6A7-468D-B6AF-8F4880B6C29A}"
EndProject
Project("{FAE04EC0-301F-11D3-BF4B-00C04F79EFBC}") = "etBackend.Tests", "etBackend.Tests\etBackend.Tests.csproj", "{24204DDB-F5F5-4A49-BFD3-A20916C2E5DE}"
EndProject
Global
	GlobalSection(SolutionConfigurationPlatforms) = preSolution
		Debug|Any CPU = Debug|Any CPU
		Release|Any CPU = Release|Any CPU
	EndGlobalSection
	GlobalSection(ProjectConfigurationPlatforms) = postSolution
		{7C9B2C4B-D6A7-468D-B6AF-8F4880B6C29A}.Debug|Any CPU.ActiveCfg = Debug|Any CPU
		{7C9B2C4B-D6A7-468D-B6AF-8F4880B6C29A}.Debug|Any CPU.Build.0 = Debug|Any CPU
		{7C9B2C4B-D6A7-468D-B6AF-8F4880B6C29A}.Release|Any CPU.ActiveCfg = Release|Any CPU
		{7C9B2C4B-D6A7-468D-B6AF-8F4880B6C29A}.Release|Any CPU.Build.0 = Release|Any CPU
		{24204DDB-F5F5-4A49-BFD3-A20916C2E5DE}.Debug|Any CPU.ActiveCfg = Debug|Any CPU
		{24204DDB-F5F5-4A49-BFD3-A20916C2E5DE}.Debug|Any CPU.Build.0 = Debug|Any CPU
		{24204DDB-F5F5-4A49-BFD3-A20916C2E5DE}.Release|Any CPU.ActiveCfg = Release|Any CPU
		{24204DDB-F5F5-4A49-BFD3-A20916C2E5DE}.Release|Any CPU.Build.0 = Release|Any CPU
	EndGlobalSection
	GlobalSection(SolutionProperties) = preSolution
		HideSolutionNode = FALSE
	EndGlobalSection
EndGlobal
